# @generated by Move, please check-in and do not edit manually.

[move]
version = 2
manifest_digest = "5F97CF56482F9DA4C3072E3941B906EEFBA04BE7B195DB8BAA9B313B0AF3E375"
deps_digest = "F8BBB0CCB2491CA29A3DF03D6F92277A4F3574266507ACD77214D37ECA3F3082"
dependencies = [
  { name = "Sui" },
]

[[move.package]]
name = "MoveStdlib"
source = { git = "https://github.com/MystenLabs/sui.git", rev = "framework/testnet", subdir = "crates\\sui-framework\\packages\\move-stdlib" }

[[move.package]]
name = "Sui"
source = { git = "https://github.com/MystenLabs/sui.git", rev = "framework/testnet", subdir = "crates/sui-framework/packages/sui-framework" }

dependencies = [
  { name = "MoveStdlib" },
]

[move.toolchain-version]
compiler-version = "1.27.0"
edition = "2024.beta"
flavor = "sui"

[env]

[env.testnet]
chain-id = "4c78adac"
original-published-id = "0x75f697cb66792247800d3c15cfe95811a33e43d5c07aae5873695b1e314d4014"
latest-published-id = "0x75f697cb66792247800d3c15cfe95811a33e43d5c07aae5873695b1e314d4014"
published-version = "1"
