# @generated by Move, please check-in and do not edit manually.

[move]
version = 2
manifest_digest = "4217C2D76465A0B58F730468D2B2678CBEC24C3DA9F5CF5240F98B519ADA8F4C"
deps_digest = "F8BBB0CCB2491CA29A3DF03D6F92277A4F3574266507ACD77214D37ECA3F3082"
dependencies = [
  { name = "Sui" },
]

[[move.package]]
name = "MoveStdlib"
source = { git = "https://github.com/MystenLabs/sui.git", rev = "framework/testnet", subdir = "crates\\sui-framework\\packages\\move-stdlib" }

[[move.package]]
name = "Sui"
source = { git = "https://github.com/MystenLabs/sui.git", rev = "framework/testnet", subdir = "crates/sui-framework/packages/sui-framework" }

dependencies = [
  { name = "MoveStdlib" },
]

[move.toolchain-version]
compiler-version = "1.27.2"
edition = "2024.beta"
flavor = "sui"

[env]

[env.testnet]
chain-id = "4c78adac"
original-published-id = "0xbc772ca1d14a2e9e26934a6bc732755baeade0593a5eeb95a7cb27d1cdd32a87"
latest-published-id = "0xbc772ca1d14a2e9e26934a6bc732755baeade0593a5eeb95a7cb27d1cdd32a87"
published-version = "1"
