# @generated by Move, please check-in and do not edit manually.

[move]
version = 2
manifest_digest = "4217C2D76465A0B58F730468D2B2678CBEC24C3DA9F5CF5240F98B519ADA8F4C"
deps_digest = "F8BBB0CCB2491CA29A3DF03D6F92277A4F3574266507ACD77214D37ECA3F3082"
dependencies = [
  { name = "Sui" },
]

[[move.package]]
name = "MoveStdlib"
source = { git = "https://github.com/MystenLabs/sui.git", rev = "framework/testnet", subdir = "crates\\sui-framework\\packages\\move-stdlib" }

[[move.package]]
name = "Sui"
source = { git = "https://github.com/MystenLabs/sui.git", rev = "framework/testnet", subdir = "crates/sui-framework/packages/sui-framework" }

dependencies = [
  { name = "MoveStdlib" },
]

[move.toolchain-version]
compiler-version = "1.27.2"
edition = "2024.beta"
flavor = "sui"

[env]

[env.testnet]
chain-id = "4c78adac"
original-published-id = "0xa7975d9c8b8c924c1eb422a98b49c5654a5d68e179f8645c051fadba06c65784"
latest-published-id = "0xa7975d9c8b8c924c1eb422a98b49c5654a5d68e179f8645c051fadba06c65784"
published-version = "1"
